
Microsoft Visual Studio Solution File, Format Version 12.00
# Visual Studio 2012
Project("{FAE04EC0-301F-11D3-BF4B-00C04F79EFBC}") = "StoreManagement.Service", "StoreManagement.Service\StoreManagement.Service.csproj", "{257AD197-B5E1-4C9C-B9BE-5B559828C57C}"
EndProject
Project("{FAE04EC0-301F-11D3-BF4B-00C04F79EFBC}") = "StoreManagement.Data", "StoreManagement.Data\StoreManagement.Data.csproj", "{553854D8-A688-4A50-AB74-4CCF3B1AFE9A}"
EndProject
Project("{FAE04EC0-301F-11D3-BF4B-00C04F79EFBC}") = "StoreManagement.Admin", "StoreManagement.Admin\StoreManagement.Admin.csproj", "{896A64B7-2704-489B-B542-D74269F9E0B3}"
EndProject
Global
	GlobalSection(SolutionConfigurationPlatforms) = preSolution
		Debug|Any CPU = Debug|Any CPU
		Release|Any CPU = Release|Any CPU
	EndGlobalSection
	GlobalSection(ProjectConfigurationPlatforms) = postSolution
		{257AD197-B5E1-4C9C-B9BE-5B559828C57C}.Debug|Any CPU.ActiveCfg = Debug|Any CPU
		{257AD197-B5E1-4C9C-B9BE-5B559828C57C}.Debug|Any CPU.Build.0 = Debug|Any CPU
		{257AD197-B5E1-4C9C-B9BE-5B559828C57C}.Release|Any CPU.ActiveCfg = Release|Any CPU
		{257AD197-B5E1-4C9C-B9BE-5B559828C57C}.Release|Any CPU.Build.0 = Release|Any CPU
		{553854D8-A688-4A50-AB74-4CCF3B1AFE9A}.Debug|Any CPU.ActiveCfg = Debug|Any CPU
		{553854D8-A688-4A50-AB74-4CCF3B1AFE9A}.Debug|Any CPU.Build.0 = Debug|Any CPU
		{553854D8-A688-4A50-AB74-4CCF3B1AFE9A}.Release|Any CPU.ActiveCfg = Release|Any CPU
		{553854D8-A688-4A50-AB74-4CCF3B1AFE9A}.Release|Any CPU.Build.0 = Release|Any CPU
		{896A64B7-2704-489B-B542-D74269F9E0B3}.Debug|Any CPU.ActiveCfg = Debug|Any CPU
		{896A64B7-2704-489B-B542-D74269F9E0B3}.Debug|Any CPU.Build.0 = Debug|Any CPU
		{896A64B7-2704-489B-B542-D74269F9E0B3}.Release|Any CPU.ActiveCfg = Release|Any CPU
		{896A64B7-2704-489B-B542-D74269F9E0B3}.Release|Any CPU.Build.0 = Release|Any CPU
	EndGlobalSection
	GlobalSection(SolutionProperties) = preSolution
		HideSolutionNode = FALSE
	EndGlobalSection
EndGlobal
